
Microsoft Visual Studio Solution File, Format Version 11.00
# Visual Studio 2010
Project("{FAE04EC0-301F-11D3-BF4B-00C04F79EFBC}") = "Brightness", "Brightness\Brightness.csproj", "{2A11224E-BD87-46E2-BE77-5A20A85EE2DF}"
EndProject
Global
	GlobalSection(SolutionConfigurationPlatforms) = preSolution
		Debug|x86 = Debug|x86
		Release|x86 = Release|x86
	EndGlobalSection
	GlobalSection(ProjectConfigurationPlatforms) = postSolution
		{2A11224E-BD87-46E2-BE77-5A20A85EE2DF}.Debug|x86.ActiveCfg = Debug|x86
		{2A11224E-BD87-46E2-BE77-5A20A85EE2DF}.Debug|x86.Build.0 = Debug|x86
		{2A11224E-BD87-46E2-BE77-5A20A85EE2DF}.Release|x86.ActiveCfg = Release|x86
		{2A11224E-BD87-46E2-BE77-5A20A85EE2DF}.Release|x86.Build.0 = Release|x86
	EndGlobalSection
	GlobalSection(SolutionProperties) = preSolution
		HideSolutionNode = FALSE
	EndGlobalSection
EndGlobal
